
Microsoft Visual Studio Solution File, Format Version 12.00
# Visual Studio Version 17
VisualStudioVersion = 17.0.31717.71
MinimumVisualStudioVersion = 10.0.40219.1
Project("{FAE04EC0-301F-11D3-BF4B-00C04F79EFBC}") = "BoatRent.Core.Tests", "BoatRent.Core.Tests\BoatRent.Core.Tests.csproj", "{A7F858F3-A625-41E5-8D87-310B57B57184}"
EndProject
Project("{FAE04EC0-301F-11D3-BF4B-00C04F79EFBC}") = "BoatRent.Core", "BoatRent.Core\BoatRent.Core.csproj", "{F41404D6-63AE-4F49-8D5E-A8C94C1A1C5C}"
EndProject
Project("{FAE04EC0-301F-11D3-BF4B-00C04F79EFBC}") = "BoatRent.Data", "BoatRent.Data\BoatRent.Data.csproj", "{28C1BB6A-0BDA-4552-8270-DB510A386F68}"
EndProject
Global
	GlobalSection(SolutionConfigurationPlatforms) = preSolution
		Debug|Any CPU = Debug|Any CPU
		Release|Any CPU = Release|Any CPU
	EndGlobalSection
	GlobalSection(ProjectConfigurationPlatforms) = postSolution
		{A7F858F3-A625-41E5-8D87-310B57B57184}.Debug|Any CPU.ActiveCfg = Debug|Any CPU
		{A7F858F3-A625-41E5-8D87-310B57B57184}.Debug|Any CPU.Build.0 = Debug|Any CPU
		{A7F858F3-A625-41E5-8D87-310B57B57184}.Release|Any CPU.ActiveCfg = Release|Any CPU
		{A7F858F3-A625-41E5-8D87-310B57B57184}.Release|Any CPU.Build.0 = Release|Any CPU
		{F41404D6-63AE-4F49-8D5E-A8C94C1A1C5C}.Debug|Any CPU.ActiveCfg = Debug|Any CPU
		{F41404D6-63AE-4F49-8D5E-A8C94C1A1C5C}.Debug|Any CPU.Build.0 = Debug|Any CPU
		{F41404D6-63AE-4F49-8D5E-A8C94C1A1C5C}.Release|Any CPU.ActiveCfg = Release|Any CPU
		{F41404D6-63AE-4F49-8D5E-A8C94C1A1C5C}.Release|Any CPU.Build.0 = Release|Any CPU
		{28C1BB6A-0BDA-4552-8270-DB510A386F68}.Debug|Any CPU.ActiveCfg = Debug|Any CPU
		{28C1BB6A-0BDA-4552-8270-DB510A386F68}.Debug|Any CPU.Build.0 = Debug|Any CPU
		{28C1BB6A-0BDA-4552-8270-DB510A386F68}.Release|Any CPU.ActiveCfg = Release|Any CPU
		{28C1BB6A-0BDA-4552-8270-DB510A386F68}.Release|Any CPU.Build.0 = Release|Any CPU
	EndGlobalSection
	GlobalSection(SolutionProperties) = preSolution
		HideSolutionNode = FALSE
	EndGlobalSection
	GlobalSection(ExtensibilityGlobals) = postSolution
		SolutionGuid = {16357D6B-31E2-4C8A-93CB-88DB11C32B77}
	EndGlobalSection
EndGlobal
